<?xml version="1.0" encoding="utf-8"?>
<Project ToolsVersion="4.0" xmlns="http://schemas.microsoft.com/developer/msbuild/2003">
  <ItemGroup>
    <Filter Include="Source Files">
      <UniqueIdentifier>{4FC737F1-C7A5-4376-A066-2A32D752A2FF}</UniqueIdentifier>
      <Extensions>cpp;cxx;c;def</Extensions>
    </Filter>
    <Filter Include="Header Files">
      <UniqueIdentifier>{93995380-89BD-4b04-88EB-625FBE52EBFB}</UniqueIdentifier>
      <Extensions>h</Extensions>
    </Filter>
    <Filter Include="Form Files">
      <UniqueIdentifier>{99349809-55BA-4b9d-BF79-8FDBB0286EB3}</UniqueIdentifier>
      <Extensions>ui</Extensions>
    </Filter>
    <Filter Include="Resource Files">
      <UniqueIdentifier>{D9D6E242-F8AF-46E4-B9FD-80ECBC20BA3E}</UniqueIdentifier>
      <Extensions>qrc;*</Extensions>
      <ParseFiles>false</ParseFiles>
    </Filter>
    <Filter Include="Generated Files">
      <UniqueIdentifier>{71ED8ED8-ACB9-4CE9-BBE1-E00B30144E11}</UniqueIdentifier>
      <Extensions>moc;h;cpp</Extensions>
      <SourceControlFiles>False</SourceControlFiles>
    </Filter>
    <Filter Include="Generated Files\Debug">
      <UniqueIdentifier>{5741370d-2070-449d-9d28-c1d93c3d7eb6}</UniqueIdentifier>
      <Extensions>cpp;moc</Extensions>
      <SourceControlFiles>False</SourceControlFiles>
    </Filter>
    <Filter Include="Generated Files\Release">
      <UniqueIdentifier>{1d63095e-5e9e-4eb4-8ca9-0955863706ea}</UniqueIdentifier>
      <Extensions>cpp;moc</Extensions>
      <SourceControlFiles>False</SourceControlFiles>
    </Filter>
    <Filter Include="Header Files\Core">
      <UniqueIdentifier>{cdebafe5-c803-426c-86dd-a7da6f1eb56f}</UniqueIdentifier>
    </Filter>
    <Filter Include="Source Files\core">
      <UniqueIdentifier>{6c9753ce-7a87-4f3d-8fe9-e5182667eeb6}</UniqueIdentifier>
    </Filter>
    <Filter Include="Header Files\Views">
      <UniqueIdentifier>{8467e636-4706-4ecb-a683-510daa9f0d2b}</UniqueIdentifier>
    </Filter>
    <Filter Include="Source Files\Views">
      <UniqueIdentifier>{e4c86e3e-d416-4a25-ab39-cf8f7d3aca04}</UniqueIdentifier>
    </Filter>
    <Filter Include="Header Files\Wrapper">
      <UniqueIdentifier>{904bba5f-58cc-4a73-91b0-84549550c802}</UniqueIdentifier>
    </Filter>
    <Filter Include="Source Files\Wrapper">
      <UniqueIdentifier>{4bc75bac-9037-424c-80ee-d3195a1fc39e}</UniqueIdentifier>
    </Filter>
  </ItemGroup>
  <ItemGroup>
    <ClCompile Include="stdafx.cpp">
      <Filter>Source Files</Filter>
    </ClCompile>
    <ClCompile Include="main.cpp">
      <Filter>Source Files</Filter>
    </ClCompile>
    <ClCompile Include="GeneratedFiles\Debug\moc_OpenCVShop.cpp">
      <Filter>Generated Files\Debug</Filter>
    </ClCompile>
    <ClCompile Include="GeneratedFiles\Release\moc_OpenCVShop.cpp">
      <Filter>Generated Files\Release</Filter>
    </ClCompile>
    <ClCompile Include="GeneratedFiles\qrc_OpenCVShop.cpp">
      <Filter>Generated Files</Filter>
    </ClCompile>
    <ClCompile Include="CV_Action_Gaussian_Blur.cpp">
      <Filter>Source Files\core</Filter>
    </ClCompile>
    <ClCompile Include="CV_Action_Base.cpp">
      <Filter>Source Files\core</Filter>
    </ClCompile>
    <ClCompile Include="CV_Action_CloneAble.cpp">
      <Filter>Source Files\core</Filter>
    </ClCompile>
    <ClCompile Include="CV_Action_Morphology_Ex.cpp">
      <Filter>Source Files\core</Filter>
    </ClCompile>
    <ClCompile Include="UndoManager.cpp">
      <Filter>Source Files\core</Filter>
    </ClCompile>
    <ClCompile Include="CV_Session.cpp">
      <Filter>Source Files\core</Filter>
    </ClCompile>
    <ClCompile Include="OpenCVShop.cpp">
      <Filter>Source Files\Views</Filter>
    </ClCompile>
    <ClCompile Include="CV_Action_Factory.cpp">
      <Filter>Source Files\core</Filter>
    </ClCompile>
    <ClCompile Include="CV_Action_Wrapper.cpp">
      <Filter>Source Files\Wrapper</Filter>
    </ClCompile>
    <ClCompile Include="GeneratedFiles\Debug\moc_CVActionView.cpp">
      <Filter>Generated Files\Debug</Filter>
    </ClCompile>
    <ClCompile Include="GeneratedFiles\Release\moc_CVActionView.cpp">
      <Filter>Generated Files\Release</Filter>
    </ClCompile>
    <ClCompile Include="CVActionView.cpp">
      <Filter>Source Files\Views</Filter>
    </ClCompile>
    <ClCompile Include="GeneratedFiles\Debug\moc_CVActionGaussianBlurView.cpp">
      <Filter>Generated Files\Debug</Filter>
    </ClCompile>
    <ClCompile Include="GeneratedFiles\Release\moc_CVActionGaussianBlurView.cpp">
      <Filter>Generated Files\Release</Filter>
    </ClCompile>
    <ClCompile Include="CVActionGaussianBlurView.cpp">
      <Filter>Source Files\Views</Filter>
    </ClCompile>
    <ClCompile Include="QT_CV.cpp">
      <Filter>Source Files</Filter>
    </ClCompile>
    <ClCompile Include="CV_Action_Median_Blur.cpp">
      <Filter>Source Files\core</Filter>
    </ClCompile>
    <ClCompile Include="GeneratedFiles\Debug\moc_CVActionMedianBlurView.cpp">
      <Filter>Generated Files\Debug</Filter>
    </ClCompile>
    <ClCompile Include="GeneratedFiles\Release\moc_CVActionMedianBlurView.cpp">
      <Filter>Generated Files\Release</Filter>
    </ClCompile>
    <ClCompile Include="CVActionMedianBlurView.cpp">
      <Filter>Source Files\Views</Filter>
    </ClCompile>
    <ClCompile Include="GeneratedFiles\Debug\moc_CVActionToolButton.cpp">
      <Filter>Generated Files\Debug</Filter>
    </ClCompile>
    <ClCompile Include="GeneratedFiles\Release\moc_CVActionToolButton.cpp">
      <Filter>Generated Files\Release</Filter>
    </ClCompile>
    <ClCompile Include="CVActionToolButton.cpp">
      <Filter>Source Files\Views</Filter>
    </ClCompile>
    <ClCompile Include="GeneratedFiles\Debug\moc_CVFilterToolButton.cpp">
      <Filter>Generated Files\Debug</Filter>
    </ClCompile>
    <ClCompile Include="GeneratedFiles\Release\moc_CVFilterToolButton.cpp">
      <Filter>Generated Files\Release</Filter>
    </ClCompile>
    <ClCompile Include="CVFilterToolButton.cpp">
      <Filter>Source Files\Views</Filter>
    </ClCompile>
    <ClCompile Include="GeneratedFiles\Debug\moc_CV_QAction.cpp">
      <Filter>Generated Files\Debug</Filter>
    </ClCompile>
    <ClCompile Include="GeneratedFiles\Release\moc_CV_QAction.cpp">
      <Filter>Generated Files\Release</Filter>
    </ClCompile>
    <ClCompile Include="CV_QAction.cpp">
      <Filter>Source Files\Views</Filter>
    </ClCompile>
    <ClCompile Include="CVActionViewFactory.cpp">
      <Filter>Source Files\Views</Filter>
    </ClCompile>
    <ClCompile Include="CV_Action_Bilateral_Blur.cpp">
      <Filter>Source Files\core</Filter>
    </ClCompile>
    <ClCompile Include="GeneratedFiles\Debug\moc_CVActionBilateralBlurView.cpp">
      <Filter>Generated Files\Debug</Filter>
    </ClCompile>
    <ClCompile Include="GeneratedFiles\Release\moc_CVActionBilateralBlurView.cpp">
      <Filter>Generated Files\Release</Filter>
    </ClCompile>
    <ClCompile Include="CVActionBilateralBlurView.cpp">
      <Filter>Source Files\Views</Filter>
    </ClCompile>
    <ClCompile Include="GeneratedFiles\Debug\moc_CVMorphologyToolButton.cpp">
      <Filter>Generated Files\Debug</Filter>
    </ClCompile>
    <ClCompile Include="GeneratedFiles\Release\moc_CVMorphologyToolButton.cpp">
      <Filter>Generated Files\Release</Filter>
    </ClCompile>
    <ClCompile Include="CVMorphologyToolButton.cpp">
      <Filter>Source Files\Views</Filter>
    </ClCompile>
    <ClCompile Include="CV_Action_Dilate.cpp">
      <Filter>Source Files\core</Filter>
    </ClCompile>
    <ClCompile Include="CV_Action_Morphology.cpp">
      <Filter>Source Files\core</Filter>
    </ClCompile>
    <ClCompile Include="CV_Action_Erode.cpp">
      <Filter>Source Files\core</Filter>
    </ClCompile>
    <ClCompile Include="GeneratedFiles\Debug\moc_CVActionMorphologyView.cpp">
      <Filter>Generated Files\Debug</Filter>
    </ClCompile>
    <ClCompile Include="GeneratedFiles\Release\moc_CVActionMorphologyView.cpp">
      <Filter>Generated Files\Release</Filter>
    </ClCompile>
    <ClCompile Include="CVActionMorphologyView.cpp">
      <Filter>Source Files\Views</Filter>
    </ClCompile>
    <ClCompile Include="CV_Action_Resize.cpp">
      <Filter>Source Files\core</Filter>
    </ClCompile>
    <ClCompile Include="GeneratedFiles\Debug\moc_CVActionResizeView.cpp">
      <Filter>Generated Files\Debug</Filter>
    </ClCompile>
    <ClCompile Include="GeneratedFiles\Release\moc_CVActionResizeView.cpp">
      <Filter>Generated Files\Release</Filter>
    </ClCompile>
    <ClCompile Include="CVActionResizeView.cpp">
      <Filter>Source Files\Views</Filter>
    </ClCompile>
    <ClCompile Include="GeneratedFiles\Debug\moc_CVGeomTransToolButton.cpp">
      <Filter>Generated Files\Debug</Filter>
    </ClCompile>
    <ClCompile Include="GeneratedFiles\Release\moc_CVGeomTransToolButton.cpp">
      <Filter>Generated Files\Release</Filter>
    </ClCompile>
    <ClCompile Include="CVGeomTransToolButton.cpp">
      <Filter>Source Files\Views</Filter>
    </ClCompile>
    <ClCompile Include="CV_Action_Adaptive_Threshold.cpp">
      <Filter>Source Files\core</Filter>
    </ClCompile>
    <ClCompile Include="GeneratedFiles\Debug\moc_CVActionAdaptiveThresholdView.cpp">
      <Filter>Generated Files\Debug</Filter>
    </ClCompile>
    <ClCompile Include="GeneratedFiles\Release\moc_CVActionAdaptiveThresholdView.cpp">
      <Filter>Generated Files\Release</Filter>
    </ClCompile>
    <ClCompile Include="CVActionAdaptiveThresholdView.cpp">
      <Filter>Source Files\Views</Filter>
    </ClCompile>
    <ClCompile Include="GeneratedFiles\Debug\moc_CVMiscellaneousToolButton.cpp">
      <Filter>Generated Files\Debug</Filter>
    </ClCompile>
    <ClCompile Include="GeneratedFiles\Release\moc_CVMiscellaneousToolButton.cpp">
      <Filter>Generated Files\Release</Filter>
    </ClCompile>
    <ClCompile Include="CVMiscellaneousToolButton.cpp">
      <Filter>Source Files\Views</Filter>
    </ClCompile>
    <ClCompile Include="CV_Action_Threshold.cpp">
      <Filter>Source Files\core</Filter>
    </ClCompile>
    <ClCompile Include="GeneratedFiles\Debug\moc_CVActionThresholdView.cpp">
      <Filter>Generated Files\Debug</Filter>
    </ClCompile>
    <ClCompile Include="GeneratedFiles\Release\moc_CVActionThresholdView.cpp">
      <Filter>Generated Files\Release</Filter>
    </ClCompile>
    <ClCompile Include="CVActionThresholdView.cpp">
      <Filter>Source Files\Views</Filter>
    </ClCompile>
    <ClCompile Include="CV_Action_CvtColor.cpp">
      <Filter>Source Files\core</Filter>
    </ClCompile>
    <ClCompile Include="GeneratedFiles\Debug\moc_CVActionCvtColorView.cpp">
      <Filter>Generated Files\Debug</Filter>
    </ClCompile>
    <ClCompile Include="GeneratedFiles\Release\moc_CVActionCvtColorView.cpp">
      <Filter>Generated Files\Release</Filter>
    </ClCompile>
    <ClCompile Include="CVActionCvtColorView.cpp">
      <Filter>Source Files\Views</Filter>
    </ClCompile>
    <ClCompile Include="CV_Action_Grid.cpp">
      <Filter>Source Files\core</Filter>
    </ClCompile>
    <ClCompile Include="GeneratedFiles\Debug\moc_CVActionGridView.cpp">
      <Filter>Generated Files\Debug</Filter>
    </ClCompile>
    <ClCompile Include="GeneratedFiles\Release\moc_CVActionGridView.cpp">
      <Filter>Generated Files\Release</Filter>
    </ClCompile>
    <ClCompile Include="CVActionGridView.cpp">
      <Filter>Source Files\Views</Filter>
    </ClCompile>
    <ClCompile Include="GeneratedFiles\Debug\moc_CVActionEqHistView.cpp">
      <Filter>Generated Files\Debug</Filter>
    </ClCompile>
    <ClCompile Include="GeneratedFiles\Release\moc_CVActionEqHistView.cpp">
      <Filter>Generated Files\Release</Filter>
    </ClCompile>
    <ClCompile Include="CVActionEqHistView.cpp">
      <Filter>Source Files\Views</Filter>
    </ClCompile>
    <ClCompile Include="CV_Action_EqHist.cpp">
      <Filter>Source Files\core</Filter>
    </ClCompile>
    <ClCompile Include="GeneratedFiles\Debug\moc_CVHistToolButton.cpp">
      <Filter>Generated Files\Debug</Filter>
    </ClCompile>
    <ClCompile Include="GeneratedFiles\Release\moc_CVHistToolButton.cpp">
      <Filter>Generated Files\Release</Filter>
    </ClCompile>
    <ClCompile Include="CVHistToolButton.cpp">
      <Filter>Source Files\Views</Filter>
    </ClCompile>
    <ClCompile Include="CV_Action_Canny.cpp">
      <Filter>Source Files\core</Filter>
    </ClCompile>
    <ClCompile Include="CV_Image.cpp">
      <Filter>Source Files</Filter>
    </ClCompile>
    <ClCompile Include="CV_Action_HoughCircles.cpp">
      <Filter>Source Files\core</Filter>
    </ClCompile>
    <ClCompile Include="GeneratedFiles\Debug\moc_CVActionHoughCirclesView.cpp">
      <Filter>Generated Files\Debug</Filter>
    </ClCompile>
    <ClCompile Include="GeneratedFiles\Release\moc_CVActionHoughCirclesView.cpp">
      <Filter>Generated Files\Release</Filter>
    </ClCompile>
    <ClCompile Include="CVActionHoughCirclesView.cpp">
      <Filter>Source Files\Views</Filter>
    </ClCompile>
    <ClCompile Include="GeneratedFiles\Debug\moc_CVFeatureDetToolButton.cpp">
      <Filter>Generated Files\Debug</Filter>
    </ClCompile>
    <ClCompile Include="GeneratedFiles\Release\moc_CVFeatureDetToolButton.cpp">
      <Filter>Generated Files\Release</Filter>
    </ClCompile>
    <ClCompile Include="CVFeatureDetToolButton.cpp">
      <Filter>Source Files\Views</Filter>
    </ClCompile>
  </ItemGroup>
  <ItemGroup>
    <ClInclude Include="stdafx.h">
      <Filter>Header Files</Filter>
    </ClInclude>
    <ClInclude Include="GeneratedFiles\ui_OpenCVShop.h">
      <Filter>Generated Files</Filter>
    </ClInclude>
    <ClInclude Include="CV_Action_Gaussian_Blur.h">
      <Filter>Header Files\Core</Filter>
    </ClInclude>
    <ClInclude Include="CV_Action_Base.h">
      <Filter>Header Files\Core</Filter>
    </ClInclude>
    <ClInclude Include="CV_Action_CloneAble.h">
      <Filter>Header Files\Core</Filter>
    </ClInclude>
    <ClInclude Include="CV_Action_Morphology_Ex.h">
      <Filter>Header Files\Core</Filter>
    </ClInclude>
    <ClInclude Include="UndoManager.h">
      <Filter>Header Files\Core</Filter>
    </ClInclude>
    <ClInclude Include="CV_Session.h">
      <Filter>Header Files\Core</Filter>
    </ClInclude>
    <ClInclude Include="CV_Action_Factory.h">
      <Filter>Header Files\Core</Filter>
    </ClInclude>
    <ClInclude Include="CV_Action_Wrapper.h">
      <Filter>Header Files\Wrapper</Filter>
    </ClInclude>
    <ClInclude Include="GeneratedFiles\ui_CVActionGaussianBlurView.h">
      <Filter>Generated Files</Filter>
    </ClInclude>
    <ClInclude Include="CV_Action_Types.h">
      <Filter>Header Files\Core</Filter>
    </ClInclude>
    <ClInclude Include="QT_CV.h">
      <Filter>Header Files</Filter>
    </ClInclude>
    <ClInclude Include="CV_Action_Median_Blur.h">
      <Filter>Header Files\Core</Filter>
    </ClInclude>
    <ClInclude Include="GeneratedFiles\ui_CVActionMedianBlurView.h">
      <Filter>Generated Files</Filter>
    </ClInclude>
    <ClInclude Include="GeneratedFiles\ui_CVActionToolButton.h">
      <Filter>Generated Files</Filter>
    </ClInclude>
    <ClInclude Include="CVActionViewFactory.h">
      <Filter>Header Files\Views</Filter>
    </ClInclude>
    <ClInclude Include="CV_Action_Bilateral_Blur.h">
      <Filter>Header Files\Core</Filter>
    </ClInclude>
    <ClInclude Include="GeneratedFiles\ui_CVActionBilateralBlurView.h">
      <Filter>Generated Files</Filter>
    </ClInclude>
    <ClInclude Include="CV_Action_Dilate.h">
      <Filter>Header Files\Core</Filter>
    </ClInclude>
    <ClInclude Include="CV_Action_Morphology.h">
      <Filter>Header Files\Core</Filter>
    </ClInclude>
    <ClInclude Include="CV_Action_Erode.h">
      <Filter>Header Files\Core</Filter>
    </ClInclude>
    <ClInclude Include="GeneratedFiles\ui_CVActionMorphologyView.h">
      <Filter>Generated Files</Filter>
    </ClInclude>
    <ClInclude Include="CV_Action_Resize.h">
      <Filter>Header Files\Core</Filter>
    </ClInclude>
    <ClInclude Include="GeneratedFiles\ui_CVActionResizeView.h">
      <Filter>Generated Files</Filter>
    </ClInclude>
    <ClInclude Include="CV_Action_Adaptive_Threshold.h">
      <Filter>Header Files\Core</Filter>
    </ClInclude>
    <ClInclude Include="GeneratedFiles\ui_CVActionAdaptiveThresholdView.h">
      <Filter>Generated Files</Filter>
    </ClInclude>
    <ClInclude Include="CV_Action_Threshold.h">
      <Filter>Header Files\Core</Filter>
    </ClInclude>
    <ClInclude Include="GeneratedFiles\ui_CVActionThresholdView.h">
      <Filter>Generated Files</Filter>
    </ClInclude>
    <ClInclude Include="CV_Action_CvtColor.h">
      <Filter>Header Files\Core</Filter>
    </ClInclude>
    <ClInclude Include="GeneratedFiles\ui_CVActionCvtColorView.h">
      <Filter>Generated Files</Filter>
    </ClInclude>
    <ClInclude Include="CV_Action_Grid.h">
      <Filter>Header Files\Core</Filter>
    </ClInclude>
    <ClInclude Include="GeneratedFiles\ui_CVActionGridView.h">
      <Filter>Generated Files</Filter>
    </ClInclude>
    <ClInclude Include="GeneratedFiles\ui_CVActionEqHistView.h">
      <Filter>Generated Files</Filter>
    </ClInclude>
    <ClInclude Include="CV_Action_EqHist.h">
      <Filter>Header Files\Core</Filter>
    </ClInclude>
    <ClInclude Include="CV_Action_Canny.h">
      <Filter>Header Files\Core</Filter>
    </ClInclude>
    <ClInclude Include="CV_Image.h">
      <Filter>Header Files</Filter>
    </ClInclude>
    <ClInclude Include="CV_Action_HoughCircles.h">
      <Filter>Header Files\Core</Filter>
    </ClInclude>
    <ClInclude Include="GeneratedFiles\ui_CVActionHoughCirclesView.h">
      <Filter>Generated Files</Filter>
    </ClInclude>
  </ItemGroup>
  <ItemGroup>
    <CustomBuild Include="OpenCVShop.ui">
      <Filter>Form Files</Filter>
    </CustomBuild>
    <CustomBuild Include="OpenCVShop.qrc">
      <Filter>Resource Files</Filter>
    </CustomBuild>
    <CustomBuild Include="OpenCVShop.h">
      <Filter>Header Files\Views</Filter>
    </CustomBuild>
    <CustomBuild Include="CVActionView.h">
      <Filter>Header Files\Views</Filter>
    </CustomBuild>
    <CustomBuild Include="CVActionGaussianBlurView.ui">
      <Filter>Form Files</Filter>
    </CustomBuild>
    <CustomBuild Include="CVActionGaussianBlurView.h">
      <Filter>Header Files\Views</Filter>
    </CustomBuild>
    <CustomBuild Include="CVActionMedianBlurView.ui">
      <Filter>Form Files</Filter>
    </CustomBuild>
    <CustomBuild Include="CVActionMedianBlurView.h">
      <Filter>Header Files\Views</Filter>
    </CustomBuild>
    <CustomBuild Include="CVActionToolButton.ui">
      <Filter>Form Files</Filter>
    </CustomBuild>
    <CustomBuild Include="CVActionToolButton.h">
      <Filter>Header Files\Views</Filter>
    </CustomBuild>
    <CustomBuild Include="CVFilterToolButton.h">
      <Filter>Header Files\Views</Filter>
    </CustomBuild>
    <CustomBuild Include="CV_QAction.h">
      <Filter>Header Files\Views</Filter>
    </CustomBuild>
    <CustomBuild Include="CVActionBilateralBlurView.ui">
      <Filter>Form Files</Filter>
    </CustomBuild>
    <CustomBuild Include="CVActionBilateralBlurView.h">
      <Filter>Header Files\Views</Filter>
    </CustomBuild>
    <CustomBuild Include="CVMorphologyToolButton.h">
      <Filter>Header Files\Views</Filter>
    </CustomBuild>
    <CustomBuild Include="CVActionMorphologyView.ui">
      <Filter>Form Files</Filter>
    </CustomBuild>
    <CustomBuild Include="CVActionMorphologyView.h">
      <Filter>Header Files\Views</Filter>
    </CustomBuild>
    <CustomBuild Include="CVActionResizeView.ui">
      <Filter>Form Files</Filter>
    </CustomBuild>
    <CustomBuild Include="CVActionResizeView.h">
      <Filter>Header Files\Views</Filter>
    </CustomBuild>
    <CustomBuild Include="CVGeomTransToolButton.h">
      <Filter>Header Files\Views</Filter>
    </CustomBuild>
    <CustomBuild Include="CVActionAdaptiveThresholdView.ui">
      <Filter>Form Files</Filter>
    </CustomBuild>
    <CustomBuild Include="CVActionAdaptiveThresholdView.h">
      <Filter>Header Files\Views</Filter>
    </CustomBuild>
    <CustomBuild Include="CVMiscellaneousToolButton.h">
      <Filter>Header Files\Views</Filter>
    </CustomBuild>
    <CustomBuild Include="CVActionThresholdView.ui">
      <Filter>Form Files</Filter>
    </CustomBuild>
    <CustomBuild Include="CVActionThresholdView.h">
      <Filter>Header Files\Views</Filter>
    </CustomBuild>
    <CustomBuild Include="CVActionCvtColorView.ui">
      <Filter>Form Files</Filter>
    </CustomBuild>
    <CustomBuild Include="CVActionCvtColorView.h">
      <Filter>Header Files\Views</Filter>
    </CustomBuild>
    <CustomBuild Include="CVActionGridView.ui">
      <Filter>Form Files</Filter>
    </CustomBuild>
    <CustomBuild Include="CVActionGridView.h">
      <Filter>Header Files\Views</Filter>
    </CustomBuild>
    <CustomBuild Include="CVActionEqHistView.ui">
      <Filter>Form Files</Filter>
    </CustomBuild>
    <CustomBuild Include="CVActionEqHistView.h">
      <Filter>Header Files\Views</Filter>
    </CustomBuild>
    <CustomBuild Include="CVHistToolButton.h">
      <Filter>Header Files\Views</Filter>
    </CustomBuild>
    <CustomBuild Include="CVActionHoughCirclesView.ui">
      <Filter>Form Files</Filter>
    </CustomBuild>
    <CustomBuild Include="CVActionHoughCirclesView.h">
      <Filter>Header Files\Views</Filter>
    </CustomBuild>
    <CustomBuild Include="CVFeatureDetToolButton.h">
      <Filter>Header Files\Views</Filter>
    </CustomBuild>
  </ItemGroup>
  <ItemGroup>
    <ResourceCompile Include="OpenCVShop.rc" />
  </ItemGroup>
</Project>